// !$*UTF8*$!
{
	archiveVersion = 1;
	classes = {
	};
	objectVersion = 46;
	objects = {

/* Begin PBXBuildFile section */
		F63FF870170BC7BB005DC299 /* UIKit.framework in Frameworks */ = {isa = PBXBuildFile; fileRef = F63FF86F170BC7BB005DC299 /* UIKit.framework */; };
		F63FF872170BC7BB005DC299 /* Foundation.framework in Frameworks */ = {isa = PBXBuildFile; fileRef = F63FF871170BC7BB005DC299 /* Foundation.framework */; };
		F63FF874170BC7BB005DC299 /* CoreGraphics.framework in Frameworks */ = {isa = PBXBuildFile; fileRef = F63FF873170BC7BB005DC299 /* CoreGraphics.framework */; };
		F63FF87A170BC7BB005DC299 /* InfoPlist.strings in Resources */ = {isa = PBXBuildFile; fileRef = F63FF878170BC7BB005DC299 /* InfoPlist.strings */; };
		F63FF87C170BC7BB005DC299 /* main.m in Sources */ = {isa = PBXBuildFile; fileRef = F63FF87B170BC7BB005DC299 /* main.m */; };
		F63FF880170BC7BB005DC299 /* VKardAppDelegate.m in Sources */ = {isa = PBXBuildFile; fileRef = F63FF87F170BC7BB005DC299 /* VKardAppDelegate.m */; };
		F63FF882170BC7BB005DC299 /* Default.png in Resources */ = {isa = PBXBuildFile; fileRef = F63FF881170BC7BB005DC299 /* Default.png */; };
		F63FF884170BC7BB005DC299 /* Default@2x.png in Resources */ = {isa = PBXBuildFile; fileRef = F63FF883170BC7BB005DC299 /* Default@2x.png */; };
		F63FF886170BC7BB005DC299 /* Default-568h@2x.png in Resources */ = {isa = PBXBuildFile; fileRef = F63FF885170BC7BB005DC299 /* Default-568h@2x.png */; };
		F63FF896170BC8D7005DC299 /* PassKit.framework in Frameworks */ = {isa = PBXBuildFile; fileRef = F63FF895170BC8D7005DC299 /* PassKit.framework */; };
		F63FF899170BCC7E005DC299 /* VKardViewController.m in Sources */ = {isa = PBXBuildFile; fileRef = F63FF898170BCC7E005DC299 /* VKardViewController.m */; };
		F63FF89C170BCEBF005DC299 /* bayroast.pkpass in Resources */ = {isa = PBXBuildFile; fileRef = F63FF89B170BCEBF005DC299 /* bayroast.pkpass */; };
		F63FF8A2170BCFAC005DC299 /* bestBuy.pkpass in Resources */ = {isa = PBXBuildFile; fileRef = F63FF89F170BCFAC005DC299 /* bestBuy.pkpass */; };
		F63FF8A3170BCFAC005DC299 /* costaCoffee.pkpass in Resources */ = {isa = PBXBuildFile; fileRef = F63FF8A0170BCFAC005DC299 /* costaCoffee.pkpass */; };
		F63FF8A4170BCFAC005DC299 /* pawnPlanet.pkpass in Resources */ = {isa = PBXBuildFile; fileRef = F63FF8A1170BCFAC005DC299 /* pawnPlanet.pkpass */; };
/* End PBXBuildFile section */

/* Begin PBXFileReference section */
		F63FF86C170BC7BB005DC299 /* PasssPreview.app */ = {isa = PBXFileReference; explicitFileType = wrapper.application; includeInIndex = 0; path = PasssPreview.app; sourceTree = BUILT_PRODUCTS_DIR; };
		F63FF86F170BC7BB005DC299 /* UIKit.framework */ = {isa = PBXFileReference; lastKnownFileType = wrapper.framework; name = UIKit.framework; path = System/Library/Frameworks/UIKit.framework; sourceTree = SDKROOT; };
		F63FF871170BC7BB005DC299 /* Foundation.framework */ = {isa = PBXFileReference; lastKnownFileType = wrapper.framework; name = Foundation.framework; path = System/Library/Frameworks/Foundation.framework; sourceTree = SDKROOT; };
		F63FF873170BC7BB005DC299 /* CoreGraphics.framework */ = {isa = PBXFileReference; lastKnownFileType = wrapper.framework; name = CoreGraphics.framework; path = System/Library/Frameworks/CoreGraphics.framework; sourceTree = SDKROOT; };
		F63FF877170BC7BB005DC299 /* PasssPreview-Info.plist */ = {isa = PBXFileReference; lastKnownFileType = text.plist.xml; path = "PasssPreview-Info.plist"; sourceTree = "<group>"; };
		F63FF879170BC7BB005DC299 /* en */ = {isa = PBXFileReference; lastKnownFileType = text.plist.strings; name = en; path = en.lproj/InfoPlist.strings; sourceTree = "<group>"; };
		F63FF87B170BC7BB005DC299 /* main.m */ = {isa = PBXFileReference; lastKnownFileType = sourcecode.c.objc; path = main.m; sourceTree = "<group>"; };
		F63FF87D170BC7BB005DC299 /* PasssPreview-Prefix.pch */ = {isa = PBXFileReference; lastKnownFileType = sourcecode.c.h; path = "PasssPreview-Prefix.pch"; sourceTree = "<group>"; };
		F63FF87E170BC7BB005DC299 /* VKardAppDelegate.h */ = {isa = PBXFileReference; lastKnownFileType = sourcecode.c.h; path = VKardAppDelegate.h; sourceTree = "<group>"; };
		F63FF87F170BC7BB005DC299 /* VKardAppDelegate.m */ = {isa = PBXFileReference; lastKnownFileType = sourcecode.c.objc; path = VKardAppDelegate.m; sourceTree = "<group>"; };
		F63FF881170BC7BB005DC299 /* Default.png */ = {isa = PBXFileReference; lastKnownFileType = image.png; path = Default.png; sourceTree = "<group>"; };
		F63FF883170BC7BB005DC299 /* Default@2x.png */ = {isa = PBXFileReference; lastKnownFileType = image.png; path = "Default@2x.png"; sourceTree = "<group>"; };
		F63FF885170BC7BB005DC299 /* Default-568h@2x.png */ = {isa = PBXFileReference; lastKnownFileType = image.png; path = "Default-568h@2x.png"; sourceTree = "<group>"; };
		F63FF895170BC8D7005DC299 /* PassKit.framework */ = {isa = PBXFileReference; lastKnownFileType = wrapper.framework; name = PassKit.framework; path = System/Library/Frameworks/PassKit.framework; sourceTree = SDKROOT; };
		F63FF897170BCC7D005DC299 /* VKardViewController.h */ = {isa = PBXFileReference; fileEncoding = 4; lastKnownFileType = sourcecode.c.h; name = VKardViewController.h; path = ../VKardViewController.h; sourceTree = "<group>"; };
		F63FF898170BCC7E005DC299 /* VKardViewController.m */ = {isa = PBXFileReference; fileEncoding = 4; lastKnownFileType = sourcecode.c.objc; name = VKardViewController.m; path = ../VKardViewController.m; sourceTree = "<group>"; };
		F63FF89B170BCEBF005DC299 /* bayroast.pkpass */ = {isa = PBXFileReference; lastKnownFileType = file; path = bayroast.pkpass; sourceTree = "<group>"; };
		F63FF89F170BCFAC005DC299 /* bestBuy.pkpass */ = {isa = PBXFileReference; lastKnownFileType = file; path = bestBuy.pkpass; sourceTree = "<group>"; };
		F63FF8A0170BCFAC005DC299 /* costaCoffee.pkpass */ = {isa = PBXFileReference; lastKnownFileType = file; path = costaCoffee.pkpass; sourceTree = "<group>"; };
		F63FF8A1170BCFAC005DC299 /* pawnPlanet.pkpass */ = {isa = PBXFileReference; lastKnownFileType = file; path = pawnPlanet.pkpass; sourceTree = "<group>"; };
/* End PBXFileReference section */

/* Begin PBXFrameworksBuildPhase section */
		F63FF869170BC7BB005DC299 /* Frameworks */ = {
			isa = PBXFrameworksBuildPhase;
			buildActionMask = 2147483647;
			files = (
				F63FF896170BC8D7005DC299 /* PassKit.framework in Frameworks */,
				F63FF870170BC7BB005DC299 /* UIKit.framework in Frameworks */,
				F63FF872170BC7BB005DC299 /* Foundation.framework in Frameworks */,
				F63FF874170BC7BB005DC299 /* CoreGraphics.framework in Frameworks */,
			);
			runOnlyForDeploymentPostprocessing = 0;
		};
/* End PBXFrameworksBuildPhase section */

/* Begin PBXGroup section */
		F63FF863170BC7BB005DC299 = {
			isa = PBXGroup;
			children = (
				F63FF875170BC7BB005DC299 /* PasssPreview */,
				F63FF86E170BC7BB005DC299 /* Frameworks */,
				F63FF86D170BC7BB005DC299 /* Products */,
			);
			sourceTree = "<group>";
		};
		F63FF86D170BC7BB005DC299 /* Products */ = {
			isa = PBXGroup;
			children = (
				F63FF86C170BC7BB005DC299 /* PasssPreview.app */,
			);
			name = Products;
			sourceTree = "<group>";
		};
		F63FF86E170BC7BB005DC299 /* Frameworks */ = {
			isa = PBXGroup;
			children = (
				F63FF895170BC8D7005DC299 /* PassKit.framework */,
				F63FF86F170BC7BB005DC299 /* UIKit.framework */,
				F63FF871170BC7BB005DC299 /* Foundation.framework */,
				F63FF873170BC7BB005DC299 /* CoreGraphics.framework */,
			);
			name = Frameworks;
			sourceTree = "<group>";
		};
		F63FF875170BC7BB005DC299 /* PasssPreview */ = {
			isa = PBXGroup;
			children = (
				F63FF89E170BCECF005DC299 /* passes */,
				F63FF898170BCC7E005DC299 /* VKardViewController.m */,
				F63FF897170BCC7D005DC299 /* VKardViewController.h */,
				F63FF87E170BC7BB005DC299 /* VKardAppDelegate.h */,
				F63FF87F170BC7BB005DC299 /* VKardAppDelegate.m */,
				F63FF876170BC7BB005DC299 /* Supporting Files */,
			);
			path = PasssPreview;
			sourceTree = "<group>";
		};
		F63FF876170BC7BB005DC299 /* Supporting Files */ = {
			isa = PBXGroup;
			children = (
				F63FF877170BC7BB005DC299 /* PasssPreview-Info.plist */,
				F63FF878170BC7BB005DC299 /* InfoPlist.strings */,
				F63FF87B170BC7BB005DC299 /* main.m */,
				F63FF87D170BC7BB005DC299 /* PasssPreview-Prefix.pch */,
				F63FF881170BC7BB005DC299 /* Default.png */,
				F63FF883170BC7BB005DC299 /* Default@2x.png */,
				F63FF885170BC7BB005DC299 /* Default-568h@2x.png */,
			);
			name = "Supporting Files";
			sourceTree = "<group>";
		};
		F63FF89E170BCECF005DC299 /* passes */ = {
			isa = PBXGroup;
			children = (
				F63FF89F170BCFAC005DC299 /* bestBuy.pkpass */,
				F63FF8A0170BCFAC005DC299 /* costaCoffee.pkpass */,
				F63FF8A1170BCFAC005DC299 /* pawnPlanet.pkpass */,
				F63FF89B170BCEBF005DC299 /* bayroast.pkpass */,
			);
			name = passes;
			sourceTree = "<group>";
		};
/* End PBXGroup section */

/* Begin PBXNativeTarget section */
		F63FF86B170BC7BB005DC299 /* PasssPreview */ = {
			isa = PBXNativeTarget;
			buildConfigurationList = F63FF892170BC7BB005DC299 /* Build configuration list for PBXNativeTarget "PasssPreview" */;
			buildPhases = (
				F63FF868170BC7BB005DC299 /* Sources */,
				F63FF869170BC7BB005DC299 /* Frameworks */,
				F63FF86A170BC7BB005DC299 /* Resources */,
			);
			buildRules = (
			);
			dependencies = (
			);
			name = PasssPreview;
			productName = PasssPreview;
			productReference = F63FF86C170BC7BB005DC299 /* PasssPreview.app */;
			productType = "com.apple.product-type.application";
		};
/* End PBXNativeTarget section */

/* Begin PBXProject section */
		F63FF864170BC7BB005DC299 /* Project object */ = {
			isa = PBXProject;
			attributes = {
				CLASSPREFIX = VKard;
				LastUpgradeCheck = 0460;
				ORGANIZATIONNAME = "VisiKard MacBook Pro";
			};
			buildConfigurationList = F63FF867170BC7BB005DC299 /* Build configuration list for PBXProject "PasssPreview" */;
			compatibilityVersion = "Xcode 3.2";
			developmentRegion = English;
			hasScannedForEncodings = 0;
			knownRegions = (
				en,
			);
			mainGroup = F63FF863170BC7BB005DC299;
			productRefGroup = F63FF86D170BC7BB005DC299 /* Products */;
			projectDirPath = "";
			projectRoot = "";
			targets = (
				F63FF86B170BC7BB005DC299 /* PasssPreview */,
			);
		};
/* End PBXProject section */

/* Begin PBXResourcesBuildPhase section */
		F63FF86A170BC7BB005DC299 /* Resources */ = {
			isa = PBXResourcesBuildPhase;
			buildActionMask = 2147483647;
			files = (
				F63FF87A170BC7BB005DC299 /* InfoPlist.strings in Resources */,
				F63FF882170BC7BB005DC299 /* Default.png in Resources */,
				F63FF884170BC7BB005DC299 /* Default@2x.png in Resources */,
				F63FF886170BC7BB005DC299 /* Default-568h@2x.png in Resources */,
				F63FF89C170BCEBF005DC299 /* bayroast.pkpass in Resources */,
				F63FF8A2170BCFAC005DC299 /* bestBuy.pkpass in Resources */,
				F63FF8A3170BCFAC005DC299 /* costaCoffee.pkpass in Resources */,
				F63FF8A4170BCFAC005DC299 /* pawnPlanet.pkpass in Resources */,
			);
			runOnlyForDeploymentPostprocessing = 0;
		};
/* End PBXResourcesBuildPhase section */

/* Begin PBXSourcesBuildPhase section */
		F63FF868170BC7BB005DC299 /* Sources */ = {
			isa = PBXSourcesBuildPhase;
			buildActionMask = 2147483647;
			files = (
				F63FF87C170BC7BB005DC299 /* main.m in Sources */,
				F63FF880170BC7BB005DC299 /* VKardAppDelegate.m in Sources */,
				F63FF899170BCC7E005DC299 /* VKardViewController.m in Sources */,
			);
			runOnlyForDeploymentPostprocessing = 0;
		};
/* End PBXSourcesBuildPhase section */

/* Begin PBXVariantGroup section */
		F63FF878170BC7BB005DC299 /* InfoPlist.strings */ = {
			isa = PBXVariantGroup;
			children = (
				F63FF879170BC7BB005DC299 /* en */,
			);
			name = InfoPlist.strings;
			sourceTree = "<group>";
		};
/* End PBXVariantGroup section */

/* Begin XCBuildConfiguration section */
		F63FF890170BC7BB005DC299 /* Debug */ = {
			isa = XCBuildConfiguration;
			buildSettings = {
				ALWAYS_SEARCH_USER_PATHS = NO;
				CLANG_CXX_LANGUAGE_STANDARD = "gnu++0x";
				CLANG_CXX_LIBRARY = "libc++";
				CLANG_ENABLE_OBJC_ARC = YES;
				CLANG_WARN_CONSTANT_CONVERSION = YES;
				CLANG_WARN_EMPTY_BODY = YES;
				CLANG_WARN_ENUM_CONVERSION = YES;
				CLANG_WARN_INT_CONVERSION = YES;
				CLANG_WARN__DUPLICATE_METHOD_MATCH = YES;
				"CODE_SIGN_IDENTITY[sdk=iphoneos*]" = "iPhone Developer";
				COPY_PHASE_STRIP = NO;
				GCC_C_LANGUAGE_STANDARD = gnu99;
				GCC_DYNAMIC_NO_PIC = NO;
				GCC_OPTIMIZATION_LEVEL = 0;
				GCC_PREPROCESSOR_DEFINITIONS = (
					"DEBUG=1",
					"$(inherited)",
				);
				GCC_SYMBOLS_PRIVATE_EXTERN = NO;
				GCC_WARN_ABOUT_RETURN_TYPE = YES;
				GCC_WARN_UNINITIALIZED_AUTOS = YES;
				GCC_WARN_UNUSED_VARIABLE = YES;
				IPHONEOS_DEPLOYMENT_TARGET = 6.1;
				ONLY_ACTIVE_ARCH = YES;
				SDKROOT = iphoneos;
				TARGETED_DEVICE_FAMILY = "1,2";
			};
			name = Debug;
		};
		F63FF891170BC7BB005DC299 /* Release */ = {
			isa = XCBuildConfiguration;
			buildSettings = {
				ALWAYS_SEARCH_USER_PATHS = NO;
				CLANG_CXX_LANGUAGE_STANDARD = "gnu++0x";
				CLANG_CXX_LIBRARY = "libc++";
				CLANG_ENABLE_OBJC_ARC = YES;
				CLANG_WARN_CONSTANT_CONVERSION = YES;
				CLANG_WARN_EMPTY_BODY = YES;
				CLANG_WARN_ENUM_CONVERSION = YES;
				CLANG_WARN_INT_CONVERSION = YES;
				CLANG_WARN__DUPLICATE_METHOD_MATCH = YES;
				"CODE_SIGN_IDENTITY[sdk=iphoneos*]" = "iPhone Developer";
				COPY_PHASE_STRIP = YES;
				GCC_C_LANGUAGE_STANDARD = gnu99;
				GCC_WARN_ABOUT_RETURN_TYPE = YES;
				GCC_WARN_UNINITIALIZED_AUTOS = YES;
				GCC_WARN_UNUSED_VARIABLE = YES;
				IPHONEOS_DEPLOYMENT_TARGET = 6.1;
				OTHER_CFLAGS = "-DNS_BLOCK_ASSERTIONS=1";
				SDKROOT = iphoneos;
				TARGETED_DEVICE_FAMILY = "1,2";
				VALIDATE_PRODUCT = YES;
			};
			name = Release;
		};
		F63FF893170BC7BB005DC299 /* Debug */ = {
			isa = XCBuildConfiguration;
			buildSettings = {
				GCC_PRECOMPILE_PREFIX_HEADER = YES;
				GCC_PREFIX_HEADER = "PasssPreview/PasssPreview-Prefix.pch";
				INFOPLIST_FILE = "PasssPreview/PasssPreview-Info.plist";
				PRODUCT_NAME = "$(TARGET_NAME)";
				WRAPPER_EXTENSION = app;
			};
			name = Debug;
		};
		F63FF894170BC7BB005DC299 /* Release */ = {
			isa = XCBuildConfiguration;
			buildSettings = {
				GCC_PRECOMPILE_PREFIX_HEADER = YES;
				GCC_PREFIX_HEADER = "PasssPreview/PasssPreview-Prefix.pch";
				INFOPLIST_FILE = "PasssPreview/PasssPreview-Info.plist";
				PRODUCT_NAME = "$(TARGET_NAME)";
				WRAPPER_EXTENSION = app;
			};
			name = Release;
		};
/* End XCBuildConfiguration section */

/* Begin XCConfigurationList section */
		F63FF867170BC7BB005DC299 /* Build configuration list for PBXProject "PasssPreview" */ = {
			isa = XCConfigurationList;
			buildConfigurations = (
				F63FF890170BC7BB005DC299 /* Debug */,
				F63FF891170BC7BB005DC299 /* Release */,
			);
			defaultConfigurationIsVisible = 0;
			defaultConfigurationName = Release;
		};
		F63FF892170BC7BB005DC299 /* Build configuration list for PBXNativeTarget "PasssPreview" */ = {
			isa = XCConfigurationList;
			buildConfigurations = (
				F63FF893170BC7BB005DC299 /* Debug */,
				F63FF894170BC7BB005DC299 /* Release */,
			);
			defaultConfigurationIsVisible = 0;
		};
/* End XCConfigurationList section */
	};
	rootObject = F63FF864170BC7BB005DC299 /* Project object */;
}
